version = 1
revision = 3
requires-python = "==3.14.*"

[[package]]
name = "bitgn-api-connectrpc-python"
version = "0.10.0.1.20260515140309+1f9ca1046f73"
source = { registry = "https://buf.build/gen/python" }
dependencies = [
    { name = "bitgn-api-protocolbuffers-python" },
    { name = "connectrpc" },
]
wheels = [
    { url = "https://buf.build/gen/python/bitgn-api-connectrpc-python/bitgn_api_connectrpc_python-0.10.0.1.20260515140309+1f9ca1046f73-py3-none-any.whl", upload-time = "2026-05-15T14:03:09Z" },
]

[[package]]
name = "bitgn-api-protocolbuffers-pyi"
version = "35.0.0.1.20260515140309+1f9ca1046f73"
source = { registry = "https://buf.build/gen/python" }
dependencies = [
    { name = "protobuf" },
    { name = "types-protobuf" },
]
wheels = [
    { url = "https://buf.build/gen/python/bitgn-api-protocolbuffers-pyi/bitgn_api_protocolbuffers_pyi-35.0.0.1.20260515140309+1f9ca1046f73-py3-none-any.whl", upload-time = "2026-05-20T19:40:45Z" },
]

[[package]]
name = "bitgn-api-protocolbuffers-python"
version = "34.1.0.1.20260515140309+1f9ca1046f73"
source = { registry = "https://buf.build/gen/python" }
dependencies = [
    { name = "bitgn-api-protocolbuffers-pyi" },
    { name = "protobuf" },
]
wheels = [
    { url = "https://buf.build/gen/python/bitgn-api-protocolbuffers-python/bitgn_api_protocolbuffers_python-34.1.0.1.20260515140309+1f9ca1046f73-py3-none-any.whl", upload-time = "2026-05-15T14:03:09Z" },
]

[[package]]
name = "bitgn-ecom-pac-overfit-test"
version = "0.1.0"
source = { virtual = "." }
dependencies = [
    { name = "bitgn-api-connectrpc-python" },
    { name = "bitgn-api-protocolbuffers-python" },
    { name = "protobuf" },
]

[package.metadata]
requires-dist = [
    { name = "bitgn-api-connectrpc-python", specifier = "==0.10.0.1.20260515140309+1f9ca1046f73" },
    { name = "bitgn-api-protocolbuffers-python", specifier = "==34.1.0.1.20260515140309+1f9ca1046f73" },
    { name = "protobuf", specifier = ">=7.34.1" },
]

[[package]]
name = "connectrpc"
version = "0.10.0"
source = { registry = "https://pypi.org/simple" }
dependencies = [
    { name = "protobuf" },
    { name = "pyqwest" },
]
sdist = { url = "https://files.pythonhosted.org/packages/03/21/bb02a054348901d90d98a680864b2a97b6a89bd33285632821d3a1864e5a/connectrpc-0.10.0.tar.gz", hash = "sha256:44f89b70abae9f8192883e79e8a3317bdca555036ed3bd4a20f398c0bac7162f", size = 46893, upload-time = "2026-04-28T16:07:16.921Z" }
wheels = [
    { url = "https://files.pythonhosted.org/packages/6e/80/c701d8ea2013b32696d96ad76f841e7ce61bfb092a7d5dc823a15d87115c/connectrpc-0.10.0-py3-none-any.whl", hash = "sha256:fedaf5abb8c90ab69662958b88f23f4cc18b7a0b0359401d8e5776ccfceefc38", size = 64007, upload-time = "2026-04-28T16:07:15.59Z" },
]

[[package]]
name = "opentelemetry-api"
version = "1.42.1"
source = { registry = "https://pypi.org/simple" }
dependencies = [
    { name = "typing-extensions" },
]
sdist = { url = "https://files.pythonhosted.org/packages/b4/1c/125e1c936c0873796771b7f04f6c93b9f1bf5d424cea90fda94a99f61da8/opentelemetry_api-1.42.1.tar.gz", hash = "sha256:56c63bea9f77b62856be8c47600474acad853b2924b99b1687c4cb6297166716", size = 72296, upload-time = "2026-05-21T16:32:49.335Z" }
wheels = [
    { url = "https://files.pythonhosted.org/packages/a3/ca/9520cc1f3dfbbd03ac5903bbf55833e257bc64b1cf30fa8b0d6df374d821/opentelemetry_api-1.42.1-py3-none-any.whl", hash = "sha256:51a69edacadbc03a8950ace1c4c21099cacc538820ac2c9e36277e78cebba714", size = 61311, upload-time = "2026-05-21T16:32:28.822Z" },
]

[[package]]
name = "protobuf"
version = "7.35.0"
source = { registry = "https://pypi.org/simple" }
sdist = { url = "https://files.pythonhosted.org/packages/60/fd/5b1491d9e4b586d621c54f4c36b888714164b6875f8d6afa3f9072906a51/protobuf-7.35.0.tar.gz", hash = "sha256:a2efd84605f41e559f1881b0912b44099d0a2ac9bf46b3474823f10fb393b0e6", size = 458677, upload-time = "2026-05-19T23:02:29.197Z" }
wheels = [
    { url = "https://files.pythonhosted.org/packages/83/ee/93d06e358a4aa32280b00e722d3ea0a1f25fc3cc5778d80581c9cca2c10e/protobuf-7.35.0-cp310-abi3-macosx_10_9_universal2.whl", hash = "sha256:66be6c513931c794fa92c080ffee41671390da3d79da219cf9c0c0907f035dda", size = 433225, upload-time = "2026-05-19T23:02:19.884Z" },
    { url = "https://files.pythonhosted.org/packages/8b/39/1c76c2da93f3c507e958e0aecee2391cc44d4625de6c728bbc555195b5a8/protobuf-7.35.0-cp310-abi3-manylinux2014_aarch64.whl", hash = "sha256:fcbe42a4ac09d3ec9c987ddfcd956afd0b15f1ff613bd8371bde9405ffd5c8e5", size = 328847, upload-time = "2026-05-19T23:02:22.3Z" },
    { url = "https://files.pythonhosted.org/packages/91/1a/39f7ce90a238c1a987a4d81ec26379e02ca0aff367de68e4a1fa474215b9/protobuf-7.35.0-cp310-abi3-manylinux2014_s390x.whl", hash = "sha256:4cbf5cc286130e06a6c9bbefac442431173906dfcc979712183d4adcc01b37ee", size = 344030, upload-time = "2026-05-19T23:02:23.591Z" },
    { url = "https://files.pythonhosted.org/packages/70/5b/6baf9008817964454055ff3fe65f1de0b5f1e26c80c82f7fb108b7cd4ea3/protobuf-7.35.0-cp310-abi3-manylinux2014_x86_64.whl", hash = "sha256:6c0f98f10c8a05ea30f8993dfef2de093d27b490fdae78bb60c8343795d55011", size = 327130, upload-time = "2026-05-19T23:02:24.637Z" },
    { url = "https://files.pythonhosted.org/packages/8e/e5/e46adb0badc388bfb84877a5f9f026aff63f60e611016cf64dbe77e05446/protobuf-7.35.0-cp310-abi3-win32.whl", hash = "sha256:4c4617b83ade0e279d1d2bfe04025a1adb87f9ed657de038620dc0ff959357f6", size = 428946, upload-time = "2026-05-19T23:02:25.741Z" },
    { url = "https://files.pythonhosted.org/packages/a7/ab/547fbd9e16d879dd13c167478f8ae0a83a428008ca07a5e06acdc23ad473/protobuf-7.35.0-cp310-abi3-win_amd64.whl", hash = "sha256:f05bcadf9a2a6b8dda047007075135fb7d08c73d9177aabc067e1be46881a201", size = 439996, upload-time = "2026-05-19T23:02:26.808Z" },
    { url = "https://files.pythonhosted.org/packages/b8/ef/50433d346c56657a70d27f156c7b349ac59a068b01de4eb796e747eecc43/protobuf-7.35.0-py3-none-any.whl", hash = "sha256:c13f325cf242bad135c350629eeb5d54b24228eb472fb3e2e9ebbd4c5dc20ca0", size = 171659, upload-time = "2026-05-19T23:02:27.842Z" },
]

[[package]]
name = "pyqwest"
version = "0.6.0"
source = { registry = "https://pypi.org/simple" }
dependencies = [
    { name = "opentelemetry-api" },
]
sdist = { url = "https://files.pythonhosted.org/packages/71/54/7c155961add9446697b3a75c60a2f6a41a41e6d8bbaa8f80227838f95973/pyqwest-0.6.0.tar.gz", hash = "sha256:c5be8afb01e3913d7c4b90ec68446625d2d4714d18daadfaa779c75eaa0f4f3c", size = 450676, upload-time = "2026-05-19T03:21:06.67Z" }
wheels = [
    { url = "https://files.pythonhosted.org/packages/da/51/74f8e1d41fc14796727459281ba66df82aa6381e96b4bc3d8464cc04a930/pyqwest-0.6.0-cp310-abi3-macosx_11_0_arm64.whl", hash = "sha256:dcd478df1a249f18449ba3194f791b29cde63b3b3415c8e21f05d907421742cc", size = 5064007, upload-time = "2026-05-19T03:19:56.946Z" },
    { url = "https://files.pythonhosted.org/packages/e6/52/d491d2b62eca54bfb8923eaa8026ccb78ecf4b806b348cf8f0f6423aa5f5/pyqwest-0.6.0-cp310-abi3-manylinux_2_17_aarch64.manylinux2014_aarch64.whl", hash = "sha256:df1a82dad0c647150fd8db90e2f7f343db0134b5772fb8c54bab57f36d60cf87", size = 5435054, upload-time = "2026-05-19T03:19:59.251Z" },
    { url = "https://files.pythonhosted.org/packages/0c/e5/8e6972c61cf692fa95f9bedc788d8ba61b936ef7dddc7bde629c35a71cb4/pyqwest-0.6.0-cp310-abi3-manylinux_2_17_x86_64.manylinux2014_x86_64.whl", hash = "sha256:0cf9e8cd54dd626255af26b7dfd00174ebe5756b177392940ab826e3b89c8d31", size = 5454984, upload-time = "2026-05-19T03:20:01.068Z" },
    { url = "https://files.pythonhosted.org/packages/2e/84/6abad826b7792afd26292d227cf1e5d7d94dfdf453a0e2ad2ad3b41a3ea9/pyqwest-0.6.0-cp310-abi3-musllinux_1_2_aarch64.whl", hash = "sha256:7919a102dc8a9b9f52568cdc2c29bd38a87b1c2bcde3f61ca5230bb9a550f289", size = 5597544, upload-time = "2026-05-19T03:20:03.054Z" },
    { url = "https://files.pythonhosted.org/packages/ca/c0/d375594964285ca04b8d07352f3926e503da871bbf471d23d5a8cf911d36/pyqwest-0.6.0-cp310-abi3-musllinux_1_2_x86_64.whl", hash = "sha256:5ed6242c1b7ad22144225923567a5d34681e45b3e2a2612b06a817b4ece97f04", size = 5761206, upload-time = "2026-05-19T03:20:04.808Z" },
    { url = "https://files.pythonhosted.org/packages/41/68/b606ae2f089224bbf7907cb5dd576553f94c8cfca760644285a6e1dce402/pyqwest-0.6.0-cp310-abi3-win_amd64.whl", hash = "sha256:868423d27d68e6d838bc58bd93c88366378705b456dc38c6e0149bcecdab5f9f", size = 4624079, upload-time = "2026-05-19T03:20:06.745Z" },
    { url = "https://files.pythonhosted.org/packages/55/89/db0488b1744ec3ef2342ff650ddeb3e72a2e274237dbeab32fab4e8535d0/pyqwest-0.6.0-cp314-cp314-macosx_11_0_arm64.whl", hash = "sha256:1a8bf79961531f91ddd764f9e3ccf468cd4075dd98206be211f4b02cb529d700", size = 5050390, upload-time = "2026-05-19T03:20:32.498Z" },
    { url = "https://files.pythonhosted.org/packages/e8/97/52338e024e98472b9f75a205a5e0db0e687a0e0c435297998cfd8404a0fa/pyqwest-0.6.0-cp314-cp314-manylinux_2_17_aarch64.manylinux2014_aarch64.whl", hash = "sha256:c6f7efd9e7ff99bc163d42064e5c0198ae6745cdc55b7c476de2d56f5a695059", size = 5421576, upload-time = "2026-05-19T03:20:34.441Z" },
    { url = "https://files.pythonhosted.org/packages/61/aa/59e52d7521200ce3253c4ef05c99332d566d58ac261d8da28a507c0ef7bd/pyqwest-0.6.0-cp314-cp314-manylinux_2_17_x86_64.manylinux2014_x86_64.whl", hash = "sha256:23476ea5396497477a39f4f51850feec88ed6c7e5892130aecdff863b80c5398", size = 5442461, upload-time = "2026-05-19T03:20:36.34Z" },
    { url = "https://files.pythonhosted.org/packages/6e/c1/4cf1fb2e403b1ef6d8a09abd540c649e933c33f80f9279e6bc7a432b3ee5/pyqwest-0.6.0-cp314-cp314-musllinux_1_2_aarch64.whl", hash = "sha256:d018a80b9cd103e54430d463e6b381b4a60f08a4729b8a415060f79a3fa285b8", size = 5586590, upload-time = "2026-05-19T03:20:38.113Z" },
    { url = "https://files.pythonhosted.org/packages/3b/45/a3826c2227755e250a3e664474c988ebf6fae65ded869bec8c8905d835e1/pyqwest-0.6.0-cp314-cp314-musllinux_1_2_x86_64.whl", hash = "sha256:55e68033cd134baf8ed6f0202156168a525f1d325b8ccde7596b979410cb9b9a", size = 5747184, upload-time = "2026-05-19T03:20:39.96Z" },
    { url = "https://files.pythonhosted.org/packages/99/29/036b04e663199186ec22cdfcbaf4f3376510aef7293a1337acccfb510781/pyqwest-0.6.0-cp314-cp314-win_amd64.whl", hash = "sha256:3e777f01ed9f6ff17059872b4cc0f275cb78b3add1871d0fa2b8e1d8b7b5c484", size = 4634934, upload-time = "2026-05-19T03:20:41.799Z" },
    { url = "https://files.pythonhosted.org/packages/3b/08/84cf37aa3f8d9646c3a773a8ea6f1be00e72b1cdb065863764c346897cda/pyqwest-0.6.0-cp314-cp314t-macosx_11_0_arm64.whl", hash = "sha256:0c537ca2b05787a1b9d80135a361539679c70f6730bb241d8e2eb74b59b0bb70", size = 5055149, upload-time = "2026-05-19T03:20:43.935Z" },
    { url = "https://files.pythonhosted.org/packages/b1/9d/5151b7fbf9827b8e6757681d49f4822ad893051139523799c5d6dc06cb05/pyqwest-0.6.0-cp314-cp314t-manylinux_2_17_aarch64.manylinux2014_aarch64.whl", hash = "sha256:ccb09ae9af2762f49e7e87d284a6d548b53718b250899973276b1722992e478e", size = 5429988, upload-time = "2026-05-19T03:20:46.05Z" },
    { url = "https://files.pythonhosted.org/packages/7d/44/b8722e8ea66b28f69ac4fecd5621750dce3f398cdd6328831e8e510fdf50/pyqwest-0.6.0-cp314-cp314t-manylinux_2_17_x86_64.manylinux2014_x86_64.whl", hash = "sha256:1649cbce3332661969e2b30efb57e1d1ec0825cc7a178efed0345717c7e23697", size = 5452443, upload-time = "2026-05-19T03:20:48.068Z" },
    { url = "https://files.pythonhosted.org/packages/9d/de/24e1a821e5f05d9c8600835efd807b20d567751b680a13af723dfe5a7ae7/pyqwest-0.6.0-cp314-cp314t-musllinux_1_2_aarch64.whl", hash = "sha256:7c35f8843828e2e378f6ea13f18d5e3aea76c30ec8c4cbb7e98fb4c18c32d44f", size = 5597486, upload-time = "2026-05-19T03:20:50.131Z" },
    { url = "https://files.pythonhosted.org/packages/37/2d/da4b9ed2c068e41d15c5ccccc1bb607be8404d7ae90b83113a6a330d9af0/pyqwest-0.6.0-cp314-cp314t-musllinux_1_2_x86_64.whl", hash = "sha256:e363d115325f402bdc024e2e61e1adcbefd869388e8f76fdf3b16238e35736cd", size = 5757340, upload-time = "2026-05-19T03:20:51.924Z" },
    { url = "https://files.pythonhosted.org/packages/07/ef/e651b932c80032a227593999150bcc6bcf641caec1e52c04f25498b576b7/pyqwest-0.6.0-cp314-cp314t-win_amd64.whl", hash = "sha256:05d6905371a0fd5d04bfccba14f77429447ab4fbb7120aa5270de31ccba5d8e1", size = 4635725, upload-time = "2026-05-19T03:20:53.871Z" },
]

[[package]]
name = "types-protobuf"
version = "7.34.1.20260518"
source = { registry = "https://pypi.org/simple" }
sdist = { url = "https://files.pythonhosted.org/packages/29/59/e2b13b499d15e6720150c4b1a8d91e31fcacf716b432397475b3151ff7e4/types_protobuf-7.34.1.20260518.tar.gz", hash = "sha256:28cfaded25889cb83ebfb63cfb0a43628f0b6f3785767bec17287dc6468795f2", size = 68936, upload-time = "2026-05-18T06:01:47.332Z" }
wheels = [
    { url = "https://files.pythonhosted.org/packages/2a/1f/ec5caf72c2e3b688ca3927e0979a04ddad19e1afc4bf1c199bd743e0f419/types_protobuf-7.34.1.20260518-py3-none-any.whl", hash = "sha256:a0a5337413347166439c0e07cbc26c6164d091401c6f01b1dfd8cdb966c4dd8f", size = 85992, upload-time = "2026-05-18T06:01:45.696Z" },
]

[[package]]
name = "typing-extensions"
version = "4.15.0"
source = { registry = "https://pypi.org/simple" }
sdist = { url = "https://files.pythonhosted.org/packages/72/94/1a15dd82efb362ac84269196e94cf00f187f7ed21c242792a923cdb1c61f/typing_extensions-4.15.0.tar.gz", hash = "sha256:0cea48d173cc12fa28ecabc3b837ea3cf6f38c6d1136f85cbaaf598984861466", size = 109391, upload-time = "2025-08-25T13:49:26.313Z" }
wheels = [
    { url = "https://files.pythonhosted.org/packages/18/67/36e9267722cc04a6b9f15c7f3441c2363321a3ea07da7ae0c0707beb2a9c/typing_extensions-4.15.0-py3-none-any.whl", hash = "sha256:f0fa19c6845758ab08074a0cfa8b7aecb71c999ca73d62883bc25cc018c4e548", size = 44614, upload-time = "2025-08-25T13:49:24.86Z" },
]
